# This file is automatically @generated by Cargo.
# It is not intended for manual editing.
version = 4

[[package]]
name = "asl-annuaire"
version = "0.1.0"

[[package]]
name = "asl-api"
version = "0.1.0"

[[package]]
name = "asl-auth"
version = "0.1.0"

[[package]]
name = "asl-id"
version = "0.1.0"

[[package]]
name = "asl-loop-tokio"
version = "0.1.0"

[[package]]
name = "asl-proto"
version = "0.1.0"

[[package]]
name = "asl-server"
version = "0.1.0"

[[package]]
name = "asl-store"
version = "0.1.0"
